
Microsoft Visual Studio Solution File, Format Version 12.00
# Visual Studio Version 16
VisualStudioVersion = 16.0.32929.386
MinimumVisualStudioVersion = 10.0.40219.1
Project("{8BC9CEB8-8B4A-11D0-8D11-00A0C91BC942}") = "Sandbox", "Sandbox\Sandbox.vcxproj", "{14C9F554-7CF4-48B6-8997-1556786DE829}"
EndProject
Project("{8BC9CEB8-8B4A-11D0-8D11-00A0C91BC942}") = "Dust", "Dust\Dust.vcxproj", "{0BB4AFE3-1D4C-459E-ABCA-1DE253E9421C}"
EndProject
Global
	GlobalSection(SolutionConfigurationPlatforms) = preSolution
		Debug|x64 = Debug|x64
		Release|x64 = Release|x64
	EndGlobalSection
	GlobalSection(ProjectConfigurationPlatforms) = postSolution
		{0BB4AFE3-1D4C-459E-ABCA-1DE253E9421C}.Debug|x64.ActiveCfg = Debug|x64
		{0BB4AFE3-1D4C-459E-ABCA-1DE253E9421C}.Debug|x64.Build.0 = Debug|x64
		{0BB4AFE3-1D4C-459E-ABCA-1DE253E9421C}.Release|x64.ActiveCfg = Release|x64
		{0BB4AFE3-1D4C-459E-ABCA-1DE253E9421C}.Release|x64.Build.0 = Release|x64
		{14C9F554-7CF4-48B6-8997-1556786DE829}.Debug|x64.ActiveCfg = Debug|x64
		{14C9F554-7CF4-48B6-8997-1556786DE829}.Debug|x64.Build.0 = Debug|x64
		{14C9F554-7CF4-48B6-8997-1556786DE829}.Release|x64.ActiveCfg = Release|x64
		{14C9F554-7CF4-48B6-8997-1556786DE829}.Release|x64.Build.0 = Release|x64
	EndGlobalSection
	GlobalSection(SolutionProperties) = preSolution
		HideSolutionNode = FALSE
	EndGlobalSection
	GlobalSection(ExtensibilityGlobals) = postSolution
		SolutionGuid = {899372EA-BDBA-4BEA-A9B4-8032F5803EAF}
	EndGlobalSection
EndGlobal
